
Microsoft Visual Studio Solution File, Format Version 12.00
# Visual Studio Version 16
VisualStudioVersion = 16.0.31410.357
MinimumVisualStudioVersion = 10.0.40219.1
Project("{FAE04EC0-301F-11D3-BF4B-00C04F79EFBC}") = "Адовые интерфейсы №17 (Практическая намбер севентин)", "Адовые интерфейсы №17 (Практическая намбер севентин)\Адовые интерфейсы №17 (Практическая намбер севентин).csproj", "{947A12A2-487C-4568-9378-3596A8B3C5CE}"
EndProject
Global
	GlobalSection(SolutionConfigurationPlatforms) = preSolution
		Debug|Any CPU = Debug|Any CPU
		Release|Any CPU = Release|Any CPU
	EndGlobalSection
	GlobalSection(ProjectConfigurationPlatforms) = postSolution
		{947A12A2-487C-4568-9378-3596A8B3C5CE}.Debug|Any CPU.ActiveCfg = Debug|Any CPU
		{947A12A2-487C-4568-9378-3596A8B3C5CE}.Debug|Any CPU.Build.0 = Debug|Any CPU
		{947A12A2-487C-4568-9378-3596A8B3C5CE}.Release|Any CPU.ActiveCfg = Release|Any CPU
		{947A12A2-487C-4568-9378-3596A8B3C5CE}.Release|Any CPU.Build.0 = Release|Any CPU
	EndGlobalSection
	GlobalSection(SolutionProperties) = preSolution
		HideSolutionNode = FALSE
	EndGlobalSection
	GlobalSection(ExtensibilityGlobals) = postSolution
		SolutionGuid = {46A44A41-F4FF-4446-AAE6-4EF3E7A1B23B}
	EndGlobalSection
EndGlobal
